
Microsoft Visual Studio Solution File, Format Version 12.00
# Visual Studio Version 17
VisualStudioVersion = 17.5.2.0
MinimumVisualStudioVersion = 10.0.40219.1
Project("{FAE04EC0-301F-11D3-BF4B-00C04F79EFBC}") = "DungeonSlime.DesktopGL", "DungeonSlime.DesktopGL\DungeonSlime.DesktopGL.csproj", "{ED6B5FFA-0E1C-4BCE-D08B-69CC2DE9576F}"
EndProject
Project("{FAE04EC0-301F-11D3-BF4B-00C04F79EFBC}") = "MonoGameLibrary", "MonoGameLibrary\MonoGameLibrary.csproj", "{E1080EE2-D740-492D-B022-0DEA3AF03F60}"
EndProject
Project("{FAE04EC0-301F-11D3-BF4B-00C04F79EFBC}") = "DungeonSlime.DirectX", "DungeonSlime.DirectX\DungeonSlime.DirectX.csproj", "{43AFDE89-FE32-4C5C-8A46-14A248644B23}"
EndProject
Project("{FAE04EC0-301F-11D3-BF4B-00C04F79EFBC}") = "ContentTypes", "ContentTypes\ContentTypes.csproj", "{929805AD-09F0-4A45-BF30-8E9E2E9D5D15}"
EndProject
Global
	GlobalSection(SolutionConfigurationPlatforms) = preSolution
		Debug|Any CPU = Debug|Any CPU
		Debug|x64 = Debug|x64
		Debug|x86 = Debug|x86
		Release|Any CPU = Release|Any CPU
		Release|x64 = Release|x64
		Release|x86 = Release|x86
	EndGlobalSection
	GlobalSection(ProjectConfigurationPlatforms) = postSolution
		{ED6B5FFA-0E1C-4BCE-D08B-69CC2DE9576F}.Debug|Any CPU.ActiveCfg = Debug|Any CPU
		{ED6B5FFA-0E1C-4BCE-D08B-69CC2DE9576F}.Debug|Any CPU.Build.0 = Debug|Any CPU
		{ED6B5FFA-0E1C-4BCE-D08B-69CC2DE9576F}.Debug|x64.ActiveCfg = Debug|Any CPU
		{ED6B5FFA-0E1C-4BCE-D08B-69CC2DE9576F}.Debug|x64.Build.0 = Debug|Any CPU
		{ED6B5FFA-0E1C-4BCE-D08B-69CC2DE9576F}.Debug|x86.ActiveCfg = Debug|Any CPU
		{ED6B5FFA-0E1C-4BCE-D08B-69CC2DE9576F}.Debug|x86.Build.0 = Debug|Any CPU
		{ED6B5FFA-0E1C-4BCE-D08B-69CC2DE9576F}.Release|Any CPU.ActiveCfg = Release|Any CPU
		{ED6B5FFA-0E1C-4BCE-D08B-69CC2DE9576F}.Release|Any CPU.Build.0 = Release|Any CPU
		{ED6B5FFA-0E1C-4BCE-D08B-69CC2DE9576F}.Release|x64.ActiveCfg = Release|Any CPU
		{ED6B5FFA-0E1C-4BCE-D08B-69CC2DE9576F}.Release|x64.Build.0 = Release|Any CPU
		{ED6B5FFA-0E1C-4BCE-D08B-69CC2DE9576F}.Release|x86.ActiveCfg = Release|Any CPU
		{ED6B5FFA-0E1C-4BCE-D08B-69CC2DE9576F}.Release|x86.Build.0 = Release|Any CPU
		{E1080EE2-D740-492D-B022-0DEA3AF03F60}.Debug|Any CPU.ActiveCfg = Debug|Any CPU
		{E1080EE2-D740-492D-B022-0DEA3AF03F60}.Debug|Any CPU.Build.0 = Debug|Any CPU
		{E1080EE2-D740-492D-B022-0DEA3AF03F60}.Debug|x64.ActiveCfg = Debug|Any CPU
		{E1080EE2-D740-492D-B022-0DEA3AF03F60}.Debug|x64.Build.0 = Debug|Any CPU
		{E1080EE2-D740-492D-B022-0DEA3AF03F60}.Debug|x86.ActiveCfg = Debug|Any CPU
		{E1080EE2-D740-492D-B022-0DEA3AF03F60}.Debug|x86.Build.0 = Debug|Any CPU
		{E1080EE2-D740-492D-B022-0DEA3AF03F60}.Release|Any CPU.ActiveCfg = Release|Any CPU
		{E1080EE2-D740-492D-B022-0DEA3AF03F60}.Release|Any CPU.Build.0 = Release|Any CPU
		{E1080EE2-D740-492D-B022-0DEA3AF03F60}.Release|x64.ActiveCfg = Release|Any CPU
		{E1080EE2-D740-492D-B022-0DEA3AF03F60}.Release|x64.Build.0 = Release|Any CPU
		{E1080EE2-D740-492D-B022-0DEA3AF03F60}.Release|x86.ActiveCfg = Release|Any CPU
		{E1080EE2-D740-492D-B022-0DEA3AF03F60}.Release|x86.Build.0 = Release|Any CPU
		{43AFDE89-FE32-4C5C-8A46-14A248644B23}.Debug|Any CPU.ActiveCfg = Debug|Any CPU
		{43AFDE89-FE32-4C5C-8A46-14A248644B23}.Debug|Any CPU.Build.0 = Debug|Any CPU
		{43AFDE89-FE32-4C5C-8A46-14A248644B23}.Debug|x64.ActiveCfg = Debug|Any CPU
		{43AFDE89-FE32-4C5C-8A46-14A248644B23}.Debug|x64.Build.0 = Debug|Any CPU
		{43AFDE89-FE32-4C5C-8A46-14A248644B23}.Debug|x86.ActiveCfg = Debug|Any CPU
		{43AFDE89-FE32-4C5C-8A46-14A248644B23}.Debug|x86.Build.0 = Debug|Any CPU
		{43AFDE89-FE32-4C5C-8A46-14A248644B23}.Release|Any CPU.ActiveCfg = Release|Any CPU
		{43AFDE89-FE32-4C5C-8A46-14A248644B23}.Release|Any CPU.Build.0 = Release|Any CPU
		{43AFDE89-FE32-4C5C-8A46-14A248644B23}.Release|x64.ActiveCfg = Release|Any CPU
		{43AFDE89-FE32-4C5C-8A46-14A248644B23}.Release|x64.Build.0 = Release|Any CPU
		{43AFDE89-FE32-4C5C-8A46-14A248644B23}.Release|x86.ActiveCfg = Release|Any CPU
		{43AFDE89-FE32-4C5C-8A46-14A248644B23}.Release|x86.Build.0 = Release|Any CPU
		{929805AD-09F0-4A45-BF30-8E9E2E9D5D15}.Debug|Any CPU.ActiveCfg = Debug|Any CPU
		{929805AD-09F0-4A45-BF30-8E9E2E9D5D15}.Debug|Any CPU.Build.0 = Debug|Any CPU
		{929805AD-09F0-4A45-BF30-8E9E2E9D5D15}.Debug|x64.ActiveCfg = Debug|Any CPU
		{929805AD-09F0-4A45-BF30-8E9E2E9D5D15}.Debug|x64.Build.0 = Debug|Any CPU
		{929805AD-09F0-4A45-BF30-8E9E2E9D5D15}.Debug|x86.ActiveCfg = Debug|Any CPU
		{929805AD-09F0-4A45-BF30-8E9E2E9D5D15}.Debug|x86.Build.0 = Debug|Any CPU
		{929805AD-09F0-4A45-BF30-8E9E2E9D5D15}.Release|Any CPU.ActiveCfg = Release|Any CPU
		{929805AD-09F0-4A45-BF30-8E9E2E9D5D15}.Release|Any CPU.Build.0 = Release|Any CPU
		{929805AD-09F0-4A45-BF30-8E9E2E9D5D15}.Release|x64.ActiveCfg = Release|Any CPU
		{929805AD-09F0-4A45-BF30-8E9E2E9D5D15}.Release|x64.Build.0 = Release|Any CPU
		{929805AD-09F0-4A45-BF30-8E9E2E9D5D15}.Release|x86.ActiveCfg = Release|Any CPU
		{929805AD-09F0-4A45-BF30-8E9E2E9D5D15}.Release|x86.Build.0 = Release|Any CPU
	EndGlobalSection
	GlobalSection(SolutionProperties) = preSolution
		HideSolutionNode = FALSE
	EndGlobalSection
	GlobalSection(ExtensibilityGlobals) = postSolution
		SolutionGuid = {8F7CF733-4862-4725-832F-7873185B619D}
	EndGlobalSection
EndGlobal
